
Microsoft Visual Studio Solution File, Format Version 12.00
# Visual Studio Version 17
VisualStudioVersion = 17.13.35825.156 d17.13
MinimumVisualStudioVersion = 10.0.40219.1
Project("{FAE04EC0-301F-11D3-BF4B-00C04F79EFBC}") = "Business", "Business\Business.csproj", "{291D9707-5B7E-4B16-A6B7-253D014CA82D}"
EndProject
Project("{FAE04EC0-301F-11D3-BF4B-00C04F79EFBC}") = "Core", "Core\Core.csproj", "{7B01A32E-5EA4-4DF9-812A-A60FADE27337}"
EndProject
Project("{FAE04EC0-301F-11D3-BF4B-00C04F79EFBC}") = "DataAccess", "DataAccess\DataAccess.csproj", "{CBDC542D-4C0E-4666-9EAF-EBD73D67FEB0}"
EndProject
Project("{FAE04EC0-301F-11D3-BF4B-00C04F79EFBC}") = "Entities", "Entities\Entities.csproj", "{BBF545B4-868E-43E3-ADA9-A6558B8E070E}"
EndProject
Project("{FAE04EC0-301F-11D3-BF4B-00C04F79EFBC}") = "WebApi", "WebApi\WebApi.csproj", "{5635DFAE-7D85-4543-80FB-C1B947170EDD}"
EndProject
Global
	GlobalSection(SolutionConfigurationPlatforms) = preSolution
		Debug|Any CPU = Debug|Any CPU
		Release|Any CPU = Release|Any CPU
	EndGlobalSection
	GlobalSection(ProjectConfigurationPlatforms) = postSolution
		{291D9707-5B7E-4B16-A6B7-253D014CA82D}.Debug|Any CPU.ActiveCfg = Debug|Any CPU
		{291D9707-5B7E-4B16-A6B7-253D014CA82D}.Debug|Any CPU.Build.0 = Debug|Any CPU
		{291D9707-5B7E-4B16-A6B7-253D014CA82D}.Release|Any CPU.ActiveCfg = Release|Any CPU
		{291D9707-5B7E-4B16-A6B7-253D014CA82D}.Release|Any CPU.Build.0 = Release|Any CPU
		{7B01A32E-5EA4-4DF9-812A-A60FADE27337}.Debug|Any CPU.ActiveCfg = Debug|Any CPU
		{7B01A32E-5EA4-4DF9-812A-A60FADE27337}.Debug|Any CPU.Build.0 = Debug|Any CPU
		{7B01A32E-5EA4-4DF9-812A-A60FADE27337}.Release|Any CPU.ActiveCfg = Release|Any CPU
		{7B01A32E-5EA4-4DF9-812A-A60FADE27337}.Release|Any CPU.Build.0 = Release|Any CPU
		{CBDC542D-4C0E-4666-9EAF-EBD73D67FEB0}.Debug|Any CPU.ActiveCfg = Debug|Any CPU
		{CBDC542D-4C0E-4666-9EAF-EBD73D67FEB0}.Debug|Any CPU.Build.0 = Debug|Any CPU
		{CBDC542D-4C0E-4666-9EAF-EBD73D67FEB0}.Release|Any CPU.ActiveCfg = Release|Any CPU
		{CBDC542D-4C0E-4666-9EAF-EBD73D67FEB0}.Release|Any CPU.Build.0 = Release|Any CPU
		{BBF545B4-868E-43E3-ADA9-A6558B8E070E}.Debug|Any CPU.ActiveCfg = Debug|Any CPU
		{BBF545B4-868E-43E3-ADA9-A6558B8E070E}.Debug|Any CPU.Build.0 = Debug|Any CPU
		{BBF545B4-868E-43E3-ADA9-A6558B8E070E}.Release|Any CPU.ActiveCfg = Release|Any CPU
		{BBF545B4-868E-43E3-ADA9-A6558B8E070E}.Release|Any CPU.Build.0 = Release|Any CPU
		{5635DFAE-7D85-4543-80FB-C1B947170EDD}.Debug|Any CPU.ActiveCfg = Debug|Any CPU
		{5635DFAE-7D85-4543-80FB-C1B947170EDD}.Debug|Any CPU.Build.0 = Debug|Any CPU
		{5635DFAE-7D85-4543-80FB-C1B947170EDD}.Release|Any CPU.ActiveCfg = Release|Any CPU
		{5635DFAE-7D85-4543-80FB-C1B947170EDD}.Release|Any CPU.Build.0 = Release|Any CPU
	EndGlobalSection
	GlobalSection(SolutionProperties) = preSolution
		HideSolutionNode = FALSE
	EndGlobalSection
	GlobalSection(ExtensibilityGlobals) = postSolution
		SolutionGuid = {422217C5-6BE1-42DB-90E7-63D1FF814257}
	EndGlobalSection
EndGlobal
